{
  "name": "myapp",
  "requires": true,
  "lockfileVersion": 1,
  "dependencies": {
    "get-form-data": {
      "version": "1.2.5",
      "resolved": "https://registry.npmjs.org/get-form-data/-/get-form-data-1.2.5.tgz",
      "integrity": "sha1-yQ+bix0tvbRulIDoi6xjKT/msYI="
    },
    "react-auto-form": {
      "version": "1.3.0",
      "resolved": "https://registry.npmjs.org/react-auto-form/-/react-auto-form-1.3.0.tgz",
      "integrity": "sha1-MD5P4l8K8Vwo+xtDbFApXoPyC9k=",
      "requires": {
        "get-form-data": "1.2.5"
      }
    }
  }
}
